// !$*UTF8*$!
{
	archiveVersion = 1;
	classes = {
	};
	objectVersion = 46;
	objects = {

/* Begin PBXBuildFile section */
		07F9902F14E11E9002B1A05B /* Pods.framework in Frameworks */ = {isa = PBXBuildFile; fileRef = 5843D427B05110D6704CCCA5 /* Pods.framework */; };
		2205FCB21BF0251A00D80DF8 /* AppDelegate.swift in Sources */ = {isa = PBXBuildFile; fileRef = 2205FCAD1BF0251A00D80DF8 /* AppDelegate.swift */; };
		2205FCB31BF0251A00D80DF8 /* DRCollectionViewController.swift in Sources */ = {isa = PBXBuildFile; fileRef = 2205FCAE1BF0251A00D80DF8 /* DRCollectionViewController.swift */; };
		2205FCB41BF0251A00D80DF8 /* DRCollectionViewCell.swift in Sources */ = {isa = PBXBuildFile; fileRef = 2205FCAF1BF0251A00D80DF8 /* DRCollectionViewCell.swift */; };
		2205FCB51BF0251A00D80DF8 /* DRAPIUtility.swift in Sources */ = {isa = PBXBuildFile; fileRef = 2205FCB01BF0251A00D80DF8 /* DRAPIUtility.swift */; };
		2205FCB61BF0251A00D80DF8 /* DRKeys.swift in Sources */ = {isa = PBXBuildFile; fileRef = 2205FCB11BF0251A00D80DF8 /* DRKeys.swift */; };
		2205FCC11BF0F3F200D80DF8 /* TVServices.framework in Frameworks */ = {isa = PBXBuildFile; fileRef = 2205FCC01BF0F3F200D80DF8 /* TVServices.framework */; };
		2205FCC41BF0F3F200D80DF8 /* ServiceProvider.swift in Sources */ = {isa = PBXBuildFile; fileRef = 2205FCC31BF0F3F200D80DF8 /* ServiceProvider.swift */; };
		2205FCC81BF0F3F200D80DF8 /* JDCPreview.appex in Embed App Extensions */ = {isa = PBXBuildFile; fileRef = 2205FCBF1BF0F3F200D80DF8 /* JDCPreview.appex */; settings = {ATTRIBUTES = (RemoveHeadersOnCopy, ); }; };
		22A66BE31BF01FEB007467AA /* Assets.xcassets in Resources */ = {isa = PBXBuildFile; fileRef = 22A66BE21BF01FEB007467AA /* Assets.xcassets */; };
/* End PBXBuildFile section */

/* Begin PBXContainerItemProxy section */
		2205FCC61BF0F3F200D80DF8 /* PBXContainerItemProxy */ = {
			isa = PBXContainerItemProxy;
			containerPortal = 22A66BD01BF01FEA007467AA /* Project object */;
			proxyType = 1;
			remoteGlobalIDString = 2205FCBE1BF0F3F200D80DF8;
			remoteInfo = JDCPreview;
		};
/* End PBXContainerItemProxy section */

/* Begin PBXCopyFilesBuildPhase section */
		2205FCCC1BF0F3F200D80DF8 /* Embed App Extensions */ = {
			isa = PBXCopyFilesBuildPhase;
			buildActionMask = 2147483647;
			dstPath = "";
			dstSubfolderSpec = 13;
			files = (
				2205FCC81BF0F3F200D80DF8 /* JDCPreview.appex in Embed App Extensions */,
			);
			name = "Embed App Extensions";
			runOnlyForDeploymentPostprocessing = 0;
		};
/* End PBXCopyFilesBuildPhase section */

/* Begin PBXFileReference section */
		2205FCAC1BF0251A00D80DF8 /* JDCTV-Bridging-Header.h */ = {isa = PBXFileReference; lastKnownFileType = sourcecode.c.h; path = "JDCTV-Bridging-Header.h"; sourceTree = "<group>"; };
		2205FCAD1BF0251A00D80DF8 /* AppDelegate.swift */ = {isa = PBXFileReference; fileEncoding = 4; lastKnownFileType = sourcecode.swift; path = AppDelegate.swift; sourceTree = "<group>"; };
		2205FCAE1BF0251A00D80DF8 /* DRCollectionViewController.swift */ = {isa = PBXFileReference; fileEncoding = 4; lastKnownFileType = sourcecode.swift; path = DRCollectionViewController.swift; sourceTree = "<group>"; };
		2205FCAF1BF0251A00D80DF8 /* DRCollectionViewCell.swift */ = {isa = PBXFileReference; fileEncoding = 4; lastKnownFileType = sourcecode.swift; path = DRCollectionViewCell.swift; sourceTree = "<group>"; };
		2205FCB01BF0251A00D80DF8 /* DRAPIUtility.swift */ = {isa = PBXFileReference; fileEncoding = 4; lastKnownFileType = sourcecode.swift; path = DRAPIUtility.swift; sourceTree = "<group>"; };
		2205FCB11BF0251A00D80DF8 /* DRKeys.swift */ = {isa = PBXFileReference; fileEncoding = 4; lastKnownFileType = sourcecode.swift; path = DRKeys.swift; sourceTree = "<group>"; };
		2205FCBF1BF0F3F200D80DF8 /* JDCPreview.appex */ = {isa = PBXFileReference; explicitFileType = "wrapper.app-extension"; includeInIndex = 0; path = JDCPreview.appex; sourceTree = BUILT_PRODUCTS_DIR; };
		2205FCC01BF0F3F200D80DF8 /* TVServices.framework */ = {isa = PBXFileReference; lastKnownFileType = wrapper.framework; name = TVServices.framework; path = System/Library/Frameworks/TVServices.framework; sourceTree = SDKROOT; };
		2205FCC31BF0F3F200D80DF8 /* ServiceProvider.swift */ = {isa = PBXFileReference; lastKnownFileType = sourcecode.swift; path = ServiceProvider.swift; sourceTree = "<group>"; };
		2205FCC51BF0F3F200D80DF8 /* Info.plist */ = {isa = PBXFileReference; lastKnownFileType = text.plist.xml; path = Info.plist; sourceTree = "<group>"; };
		22A66BD81BF01FEA007467AA /* JDCTV.app */ = {isa = PBXFileReference; explicitFileType = wrapper.application; includeInIndex = 0; path = JDCTV.app; sourceTree = BUILT_PRODUCTS_DIR; };
		22A66BE21BF01FEB007467AA /* Assets.xcassets */ = {isa = PBXFileReference; lastKnownFileType = folder.assetcatalog; path = Assets.xcassets; sourceTree = "<group>"; };
		22A66BE41BF01FEB007467AA /* Info.plist */ = {isa = PBXFileReference; lastKnownFileType = text.plist.xml; path = Info.plist; sourceTree = "<group>"; };
		34576086E360A2FD24047245 /* Pods.debug.xcconfig */ = {isa = PBXFileReference; includeInIndex = 1; lastKnownFileType = text.xcconfig; name = Pods.debug.xcconfig; path = "Pods/Target Support Files/Pods/Pods.debug.xcconfig"; sourceTree = "<group>"; };
		5843D427B05110D6704CCCA5 /* Pods.framework */ = {isa = PBXFileReference; explicitFileType = wrapper.framework; includeInIndex = 0; path = Pods.framework; sourceTree = BUILT_PRODUCTS_DIR; };
		CD2BB0FD3DA90D5A4B146113 /* Pods.release.xcconfig */ = {isa = PBXFileReference; includeInIndex = 1; lastKnownFileType = text.xcconfig; name = Pods.release.xcconfig; path = "Pods/Target Support Files/Pods/Pods.release.xcconfig"; sourceTree = "<group>"; };
/* End PBXFileReference section */

/* Begin PBXFrameworksBuildPhase section */
		2205FCBC1BF0F3F200D80DF8 /* Frameworks */ = {
			isa = PBXFrameworksBuildPhase;
			buildActionMask = 2147483647;
			files = (
				2205FCC11BF0F3F200D80DF8 /* TVServices.framework in Frameworks */,
			);
			runOnlyForDeploymentPostprocessing = 0;
		};
		22A66BD51BF01FEA007467AA /* Frameworks */ = {
			isa = PBXFrameworksBuildPhase;
			buildActionMask = 2147483647;
			files = (
				07F9902F14E11E9002B1A05B /* Pods.framework in Frameworks */,
			);
			runOnlyForDeploymentPostprocessing = 0;
		};
/* End PBXFrameworksBuildPhase section */

/* Begin PBXGroup section */
		2205FCB71BF088AE00D80DF8 /* Custom Views */ = {
			isa = PBXGroup;
			children = (
				2205FCAF1BF0251A00D80DF8 /* DRCollectionViewCell.swift */,
			);
			name = "Custom Views";
			sourceTree = "<group>";
		};
		2205FCB81BF088C400D80DF8 /* ViewController */ = {
			isa = PBXGroup;
			children = (
				2205FCAE1BF0251A00D80DF8 /* DRCollectionViewController.swift */,
			);
			name = ViewController;
			sourceTree = "<group>";
		};
		2205FCB91BF0890D00D80DF8 /* Supporting Files */ = {
			isa = PBXGroup;
			children = (
				22A66BE41BF01FEB007467AA /* Info.plist */,
				2205FCAC1BF0251A00D80DF8 /* JDCTV-Bridging-Header.h */,
				2205FCB11BF0251A00D80DF8 /* DRKeys.swift */,
				2205FCAD1BF0251A00D80DF8 /* AppDelegate.swift */,
				22A66BE21BF01FEB007467AA /* Assets.xcassets */,
			);
			name = "Supporting Files";
			sourceTree = "<group>";
		};
		2205FCBA1BF0892800D80DF8 /* API Classes */ = {
			isa = PBXGroup;
			children = (
				2205FCB01BF0251A00D80DF8 /* DRAPIUtility.swift */,
			);
			name = "API Classes";
			sourceTree = "<group>";
		};
		2205FCC21BF0F3F200D80DF8 /* JDCPreview */ = {
			isa = PBXGroup;
			children = (
				2205FCC31BF0F3F200D80DF8 /* ServiceProvider.swift */,
				2205FCC51BF0F3F200D80DF8 /* Info.plist */,
			);
			path = JDCPreview;
			sourceTree = "<group>";
		};
		22A66BCF1BF01FEA007467AA = {
			isa = PBXGroup;
			children = (
				22A66BDA1BF01FEA007467AA /* JDCTV */,
				2205FCC21BF0F3F200D80DF8 /* JDCPreview */,
				22A66BD91BF01FEA007467AA /* Products */,
				D63C97BAA83AD1D336B2CBB9 /* Pods */,
				E9608AF1BFFCC8152F46357F /* Frameworks */,
			);
			sourceTree = "<group>";
		};
		22A66BD91BF01FEA007467AA /* Products */ = {
			isa = PBXGroup;
			children = (
				22A66BD81BF01FEA007467AA /* JDCTV.app */,
				2205FCBF1BF0F3F200D80DF8 /* JDCPreview.appex */,
			);
			name = Products;
			sourceTree = "<group>";
		};
		22A66BDA1BF01FEA007467AA /* JDCTV */ = {
			isa = PBXGroup;
			children = (
				2205FCBA1BF0892800D80DF8 /* API Classes */,
				2205FCB71BF088AE00D80DF8 /* Custom Views */,
				2205FCB91BF0890D00D80DF8 /* Supporting Files */,
				2205FCB81BF088C400D80DF8 /* ViewController */,
			);
			path = JDCTV;
			sourceTree = "<group>";
		};
		D63C97BAA83AD1D336B2CBB9 /* Pods */ = {
			isa = PBXGroup;
			children = (
				34576086E360A2FD24047245 /* Pods.debug.xcconfig */,
				CD2BB0FD3DA90D5A4B146113 /* Pods.release.xcconfig */,
			);
			name = Pods;
			sourceTree = "<group>";
		};
		E9608AF1BFFCC8152F46357F /* Frameworks */ = {
			isa = PBXGroup;
			children = (
				5843D427B05110D6704CCCA5 /* Pods.framework */,
				2205FCC01BF0F3F200D80DF8 /* TVServices.framework */,
			);
			name = Frameworks;
			sourceTree = "<group>";
		};
/* End PBXGroup section */

/* Begin PBXNativeTarget section */
		2205FCBE1BF0F3F200D80DF8 /* JDCPreview */ = {
			isa = PBXNativeTarget;
			buildConfigurationList = 2205FCC91BF0F3F200D80DF8 /* Build configuration list for PBXNativeTarget "JDCPreview" */;
			buildPhases = (
				2205FCBB1BF0F3F200D80DF8 /* Sources */,
				2205FCBC1BF0F3F200D80DF8 /* Frameworks */,
				2205FCBD1BF0F3F200D80DF8 /* Resources */,
			);
			buildRules = (
			);
			dependencies = (
			);
			name = JDCPreview;
			productName = JDCPreview;
			productReference = 2205FCBF1BF0F3F200D80DF8 /* JDCPreview.appex */;
			productType = "com.apple.product-type.tv-app-extension";
		};
		22A66BD71BF01FEA007467AA /* JDCTV */ = {
			isa = PBXNativeTarget;
			buildConfigurationList = 22A66BE71BF01FEB007467AA /* Build configuration list for PBXNativeTarget "JDCTV" */;
			buildPhases = (
				DEC1D3E1A7B51E1B99DC8289 /* Check Pods Manifest.lock */,
				22A66BD41BF01FEA007467AA /* Sources */,
				22A66BD51BF01FEA007467AA /* Frameworks */,
				22A66BD61BF01FEA007467AA /* Resources */,
				CF9769B18FC5F945FFDF0855 /* Embed Pods Frameworks */,
				69AD4DD9C5D51DA730F74672 /* Copy Pods Resources */,
				2205FCCC1BF0F3F200D80DF8 /* Embed App Extensions */,
			);
			buildRules = (
			);
			dependencies = (
				2205FCC71BF0F3F200D80DF8 /* PBXTargetDependency */,
			);
			name = JDCTV;
			productName = JDCTV;
			productReference = 22A66BD81BF01FEA007467AA /* JDCTV.app */;
			productType = "com.apple.product-type.application";
		};
/* End PBXNativeTarget section */

/* Begin PBXProject section */
		22A66BD01BF01FEA007467AA /* Project object */ = {
			isa = PBXProject;
			attributes = {
				LastSwiftUpdateCheck = 0710;
				LastUpgradeCheck = 0710;
				ORGANIZATIONNAME = "David Rynn";
				TargetAttributes = {
					2205FCBE1BF0F3F200D80DF8 = {
						CreatedOnToolsVersion = 7.1;
					};
					22A66BD71BF01FEA007467AA = {
						CreatedOnToolsVersion = 7.1;
					};
				};
			};
			buildConfigurationList = 22A66BD31BF01FEA007467AA /* Build configuration list for PBXProject "JDCTV" */;
			compatibilityVersion = "Xcode 3.2";
			developmentRegion = English;
			hasScannedForEncodings = 0;
			knownRegions = (
				en,
				Base,
			);
			mainGroup = 22A66BCF1BF01FEA007467AA;
			productRefGroup = 22A66BD91BF01FEA007467AA /* Products */;
			projectDirPath = "";
			projectRoot = "";
			targets = (
				22A66BD71BF01FEA007467AA /* JDCTV */,
				2205FCBE1BF0F3F200D80DF8 /* JDCPreview */,
			);
		};
/* End PBXProject section */

/* Begin PBXResourcesBuildPhase section */
		2205FCBD1BF0F3F200D80DF8 /* Resources */ = {
			isa = PBXResourcesBuildPhase;
			buildActionMask = 2147483647;
			files = (
			);
			runOnlyForDeploymentPostprocessing = 0;
		};
		22A66BD61BF01FEA007467AA /* Resources */ = {
			isa = PBXResourcesBuildPhase;
			buildActionMask = 2147483647;
			files = (
				22A66BE31BF01FEB007467AA /* Assets.xcassets in Resources */,
			);
			runOnlyForDeploymentPostprocessing = 0;
		};
/* End PBXResourcesBuildPhase section */

/* Begin PBXShellScriptBuildPhase section */
		69AD4DD9C5D51DA730F74672 /* Copy Pods Resources */ = {
			isa = PBXShellScriptBuildPhase;
			buildActionMask = 2147483647;
			files = (
			);
			inputPaths = (
			);
			name = "Copy Pods Resources";
			outputPaths = (
			);
			runOnlyForDeploymentPostprocessing = 0;
			shellPath = /bin/sh;
			shellScript = "\"${SRCROOT}/Pods/Target Support Files/Pods/Pods-resources.sh\"\n";
			showEnvVarsInLog = 0;
		};
		CF9769B18FC5F945FFDF0855 /* Embed Pods Frameworks */ = {
			isa = PBXShellScriptBuildPhase;
			buildActionMask = 2147483647;
			files = (
			);
			inputPaths = (
			);
			name = "Embed Pods Frameworks";
			outputPaths = (
			);
			runOnlyForDeploymentPostprocessing = 0;
			shellPath = /bin/sh;
			shellScript = "\"${SRCROOT}/Pods/Target Support Files/Pods/Pods-frameworks.sh\"\n";
			showEnvVarsInLog = 0;
		};
		DEC1D3E1A7B51E1B99DC8289 /* Check Pods Manifest.lock */ = {
			isa = PBXShellScriptBuildPhase;
			buildActionMask = 2147483647;
			files = (
			);
			inputPaths = (
			);
			name = "Check Pods Manifest.lock";
			outputPaths = (
			);
			runOnlyForDeploymentPostprocessing = 0;
			shellPath = /bin/sh;
			shellScript = "diff \"${PODS_ROOT}/../Podfile.lock\" \"${PODS_ROOT}/Manifest.lock\" > /dev/null\nif [[ $? != 0 ]] ; then\n    cat << EOM\nerror: The sandbox is not in sync with the Podfile.lock. Run 'pod install' or update your CocoaPods installation.\nEOM\n    exit 1\nfi\n";
			showEnvVarsInLog = 0;
		};
/* End PBXShellScriptBuildPhase section */

/* Begin PBXSourcesBuildPhase section */
		2205FCBB1BF0F3F200D80DF8 /* Sources */ = {
			isa = PBXSourcesBuildPhase;
			buildActionMask = 2147483647;
			files = (
				2205FCC41BF0F3F200D80DF8 /* ServiceProvider.swift in Sources */,
			);
			runOnlyForDeploymentPostprocessing = 0;
		};
		22A66BD41BF01FEA007467AA /* Sources */ = {
			isa = PBXSourcesBuildPhase;
			buildActionMask = 2147483647;
			files = (
				2205FCB31BF0251A00D80DF8 /* DRCollectionViewController.swift in Sources */,
				2205FCB61BF0251A00D80DF8 /* DRKeys.swift in Sources */,
				2205FCB51BF0251A00D80DF8 /* DRAPIUtility.swift in Sources */,
				2205FCB21BF0251A00D80DF8 /* AppDelegate.swift in Sources */,
				2205FCB41BF0251A00D80DF8 /* DRCollectionViewCell.swift in Sources */,
			);
			runOnlyForDeploymentPostprocessing = 0;
		};
/* End PBXSourcesBuildPhase section */

/* Begin PBXTargetDependency section */
		2205FCC71BF0F3F200D80DF8 /* PBXTargetDependency */ = {
			isa = PBXTargetDependency;
			target = 2205FCBE1BF0F3F200D80DF8 /* JDCPreview */;
			targetProxy = 2205FCC61BF0F3F200D80DF8 /* PBXContainerItemProxy */;
		};
/* End PBXTargetDependency section */

/* Begin XCBuildConfiguration section */
		2205FCCA1BF0F3F200D80DF8 /* Debug */ = {
			isa = XCBuildConfiguration;
			buildSettings = {
				CODE_SIGN_IDENTITY = "iPhone Developer";
				INFOPLIST_FILE = JDCPreview/Info.plist;
				LD_RUNPATH_SEARCH_PATHS = "$(inherited) @executable_path/Frameworks @executable_path/../../Frameworks";
				PRODUCT_BUNDLE_IDENTIFIER = edu.self.JDCTV.JDCPreview;
				PRODUCT_NAME = "$(TARGET_NAME)";
				SKIP_INSTALL = NO;
			};
			name = Debug;
		};
		2205FCCB1BF0F3F200D80DF8 /* Release */ = {
			isa = XCBuildConfiguration;
			buildSettings = {
				CODE_SIGN_IDENTITY = "iPhone Developer";
				INFOPLIST_FILE = JDCPreview/Info.plist;
				LD_RUNPATH_SEARCH_PATHS = "$(inherited) @executable_path/Frameworks @executable_path/../../Frameworks";
				PRODUCT_BUNDLE_IDENTIFIER = edu.self.JDCTV.JDCPreview;
				PRODUCT_NAME = "$(TARGET_NAME)";
				SKIP_INSTALL = NO;
			};
			name = Release;
		};
		22A66BE51BF01FEB007467AA /* Debug */ = {
			isa = XCBuildConfiguration;
			buildSettings = {
				ALWAYS_SEARCH_USER_PATHS = NO;
				CLANG_CXX_LANGUAGE_STANDARD = "gnu++0x";
				CLANG_CXX_LIBRARY = "libc++";
				CLANG_ENABLE_MODULES = YES;
				CLANG_ENABLE_OBJC_ARC = YES;
				CLANG_WARN_BOOL_CONVERSION = YES;
				CLANG_WARN_CONSTANT_CONVERSION = YES;
				CLANG_WARN_DIRECT_OBJC_ISA_USAGE = YES_ERROR;
				CLANG_WARN_EMPTY_BODY = YES;
				CLANG_WARN_ENUM_CONVERSION = YES;
				CLANG_WARN_INT_CONVERSION = YES;
				CLANG_WARN_OBJC_ROOT_CLASS = YES_ERROR;
				CLANG_WARN_UNREACHABLE_CODE = YES;
				CLANG_WARN__DUPLICATE_METHOD_MATCH = YES;
				COPY_PHASE_STRIP = NO;
				DEBUG_INFORMATION_FORMAT = dwarf;
				ENABLE_STRICT_OBJC_MSGSEND = YES;
				ENABLE_TESTABILITY = YES;
				GCC_C_LANGUAGE_STANDARD = gnu99;
				GCC_DYNAMIC_NO_PIC = NO;
				GCC_NO_COMMON_BLOCKS = YES;
				GCC_OPTIMIZATION_LEVEL = 0;
				GCC_PREPROCESSOR_DEFINITIONS = (
					"DEBUG=1",
					"$(inherited)",
				);
				GCC_WARN_64_TO_32_BIT_CONVERSION = YES;
				GCC_WARN_ABOUT_RETURN_TYPE = YES_ERROR;
				GCC_WARN_UNDECLARED_SELECTOR = YES;
				GCC_WARN_UNINITIALIZED_AUTOS = YES_AGGRESSIVE;
				GCC_WARN_UNUSED_FUNCTION = YES;
				GCC_WARN_UNUSED_VARIABLE = YES;
				MTL_ENABLE_DEBUG_INFO = YES;
				ONLY_ACTIVE_ARCH = YES;
				SDKROOT = appletvos;
				SWIFT_OPTIMIZATION_LEVEL = "-Onone";
				TARGETED_DEVICE_FAMILY = 3;
				TVOS_DEPLOYMENT_TARGET = 9.0;
			};
			name = Debug;
		};
		22A66BE61BF01FEB007467AA /* Release */ = {
			isa = XCBuildConfiguration;
			buildSettings = {
				ALWAYS_SEARCH_USER_PATHS = NO;
				CLANG_CXX_LANGUAGE_STANDARD = "gnu++0x";
				CLANG_CXX_LIBRARY = "libc++";
				CLANG_ENABLE_MODULES = YES;
				CLANG_ENABLE_OBJC_ARC = YES;
				CLANG_WARN_BOOL_CONVERSION = YES;
				CLANG_WARN_CONSTANT_CONVERSION = YES;
				CLANG_WARN_DIRECT_OBJC_ISA_USAGE = YES_ERROR;
				CLANG_WARN_EMPTY_BODY = YES;
				CLANG_WARN_ENUM_CONVERSION = YES;
				CLANG_WARN_INT_CONVERSION = YES;
				CLANG_WARN_OBJC_ROOT_CLASS = YES_ERROR;
				CLANG_WARN_UNREACHABLE_CODE = YES;
				CLANG_WARN__DUPLICATE_METHOD_MATCH = YES;
				COPY_PHASE_STRIP = NO;
				DEBUG_INFORMATION_FORMAT = "dwarf-with-dsym";
				ENABLE_NS_ASSERTIONS = NO;
				ENABLE_STRICT_OBJC_MSGSEND = YES;
				GCC_C_LANGUAGE_STANDARD = gnu99;
				GCC_NO_COMMON_BLOCKS = YES;
				GCC_WARN_64_TO_32_BIT_CONVERSION = YES;
				GCC_WARN_ABOUT_RETURN_TYPE = YES_ERROR;
				GCC_WARN_UNDECLARED_SELECTOR = YES;
				GCC_WARN_UNINITIALIZED_AUTOS = YES_AGGRESSIVE;
				GCC_WARN_UNUSED_FUNCTION = YES;
				GCC_WARN_UNUSED_VARIABLE = YES;
				MTL_ENABLE_DEBUG_INFO = NO;
				SDKROOT = appletvos;
				TARGETED_DEVICE_FAMILY = 3;
				TVOS_DEPLOYMENT_TARGET = 9.0;
				VALIDATE_PRODUCT = YES;
			};
			name = Release;
		};
		22A66BE81BF01FEB007467AA /* Debug */ = {
			isa = XCBuildConfiguration;
			baseConfigurationReference = 34576086E360A2FD24047245 /* Pods.debug.xcconfig */;
			buildSettings = {
				ASSETCATALOG_COMPILER_APPICON_NAME = "App Icon & Top Shelf Image";
				ASSETCATALOG_COMPILER_LAUNCHIMAGE_NAME = LaunchImage;
				CLANG_ENABLE_MODULES = YES;
				CODE_SIGN_IDENTITY = "iPhone Developer";
				EMBEDDED_CONTENT_CONTAINS_SWIFT = YES;
				INFOPLIST_FILE = JDCTV/Info.plist;
				LD_RUNPATH_SEARCH_PATHS = "$(inherited) @executable_path/Frameworks";
				PRODUCT_BUNDLE_IDENTIFIER = edu.self.JDCTV;
				PRODUCT_NAME = "$(TARGET_NAME)";
				SWIFT_OBJC_BRIDGING_HEADER = "JDCTV/JDCTV-Bridging-Header.h";
				SWIFT_OPTIMIZATION_LEVEL = "-Onone";
			};
			name = Debug;
		};
		22A66BE91BF01FEB007467AA /* Release */ = {
			isa = XCBuildConfiguration;
			baseConfigurationReference = CD2BB0FD3DA90D5A4B146113 /* Pods.release.xcconfig */;
			buildSettings = {
				ASSETCATALOG_COMPILER_APPICON_NAME = "App Icon & Top Shelf Image";
				ASSETCATALOG_COMPILER_LAUNCHIMAGE_NAME = LaunchImage;
				CLANG_ENABLE_MODULES = YES;
				CODE_SIGN_IDENTITY = "iPhone Developer";
				EMBEDDED_CONTENT_CONTAINS_SWIFT = YES;
				INFOPLIST_FILE = JDCTV/Info.plist;
				LD_RUNPATH_SEARCH_PATHS = "$(inherited) @executable_path/Frameworks";
				PRODUCT_BUNDLE_IDENTIFIER = edu.self.JDCTV;
				PRODUCT_NAME = "$(TARGET_NAME)";
				SWIFT_OBJC_BRIDGING_HEADER = "JDCTV/JDCTV-Bridging-Header.h";
			};
			name = Release;
		};
/* End XCBuildConfiguration section */

/* Begin XCConfigurationList section */
		2205FCC91BF0F3F200D80DF8 /* Build configuration list for PBXNativeTarget "JDCPreview" */ = {
			isa = XCConfigurationList;
			buildConfigurations = (
				2205FCCA1BF0F3F200D80DF8 /* Debug */,
				2205FCCB1BF0F3F200D80DF8 /* Release */,
			);
			defaultConfigurationIsVisible = 0;
			defaultConfigurationName = Release;
		};
		22A66BD31BF01FEA007467AA /* Build configuration list for PBXProject "JDCTV" */ = {
			isa = XCConfigurationList;
			buildConfigurations = (
				22A66BE51BF01FEB007467AA /* Debug */,
				22A66BE61BF01FEB007467AA /* Release */,
			);
			defaultConfigurationIsVisible = 0;
			defaultConfigurationName = Release;
		};
		22A66BE71BF01FEB007467AA /* Build configuration list for PBXNativeTarget "JDCTV" */ = {
			isa = XCConfigurationList;
			buildConfigurations = (
				22A66BE81BF01FEB007467AA /* Debug */,
				22A66BE91BF01FEB007467AA /* Release */,
			);
			defaultConfigurationIsVisible = 0;
			defaultConfigurationName = Release;
		};
/* End XCConfigurationList section */
	};
	rootObject = 22A66BD01BF01FEA007467AA /* Project object */;
}
