// !$*UTF8*$!
{
	archiveVersion = 1;
	classes = {
	};
	objectVersion = 46;
	objects = {

/* Begin PBXBuildFile section */
		22A66BDC1BF01FEA007467AA /* AppDelegate.swift in Sources */ = {isa = PBXBuildFile; fileRef = 22A66BDB1BF01FEA007467AA /* AppDelegate.swift */; };
		22A66BDE1BF01FEA007467AA /* ViewController.swift in Sources */ = {isa = PBXBuildFile; fileRef = 22A66BDD1BF01FEA007467AA /* ViewController.swift */; };
		22A66BE11BF01FEA007467AA /* Main.storyboard in Resources */ = {isa = PBXBuildFile; fileRef = 22A66BDF1BF01FEA007467AA /* Main.storyboard */; };
		22A66BE31BF01FEB007467AA /* Assets.xcassets in Resources */ = {isa = PBXBuildFile; fileRef = 22A66BE21BF01FEB007467AA /* Assets.xcassets */; };
/* End PBXBuildFile section */

/* Begin PBXFileReference section */
		22A66BD81BF01FEA007467AA /* JDCTV.app */ = {isa = PBXFileReference; explicitFileType = wrapper.application; includeInIndex = 0; path = JDCTV.app; sourceTree = BUILT_PRODUCTS_DIR; };
		22A66BDB1BF01FEA007467AA /* AppDelegate.swift */ = {isa = PBXFileReference; lastKnownFileType = sourcecode.swift; path = AppDelegate.swift; sourceTree = "<group>"; };
		22A66BDD1BF01FEA007467AA /* ViewController.swift */ = {isa = PBXFileReference; lastKnownFileType = sourcecode.swift; path = ViewController.swift; sourceTree = "<group>"; };
		22A66BE01BF01FEA007467AA /* Base */ = {isa = PBXFileReference; lastKnownFileType = file.storyboard; name = Base; path = Base.lproj/Main.storyboard; sourceTree = "<group>"; };
		22A66BE21BF01FEB007467AA /* Assets.xcassets */ = {isa = PBXFileReference; lastKnownFileType = folder.assetcatalog; path = Assets.xcassets; sourceTree = "<group>"; };
		22A66BE41BF01FEB007467AA /* Info.plist */ = {isa = PBXFileReference; lastKnownFileType = text.plist.xml; path = Info.plist; sourceTree = "<group>"; };
/* End PBXFileReference section */

/* Begin PBXFrameworksBuildPhase section */
		22A66BD51BF01FEA007467AA /* Frameworks */ = {
			isa = PBXFrameworksBuildPhase;
			buildActionMask = 2147483647;
			files = (
			);
			runOnlyForDeploymentPostprocessing = 0;
		};
/* End PBXFrameworksBuildPhase section */

/* Begin PBXGroup section */
		22A66BCF1BF01FEA007467AA = {
			isa = PBXGroup;
			children = (
				22A66BDA1BF01FEA007467AA /* JDCTV */,
				22A66BD91BF01FEA007467AA /* Products */,
			);
			sourceTree = "<group>";
		};
		22A66BD91BF01FEA007467AA /* Products */ = {
			isa = PBXGroup;
			children = (
				22A66BD81BF01FEA007467AA /* JDCTV.app */,
			);
			name = Products;
			sourceTree = "<group>";
		};
		22A66BDA1BF01FEA007467AA /* JDCTV */ = {
			isa = PBXGroup;
			children = (
				22A66BDB1BF01FEA007467AA /* AppDelegate.swift */,
				22A66BDD1BF01FEA007467AA /* ViewController.swift */,
				22A66BDF1BF01FEA007467AA /* Main.storyboard */,
				22A66BE21BF01FEB007467AA /* Assets.xcassets */,
				22A66BE41BF01FEB007467AA /* Info.plist */,
			);
			path = JDCTV;
			sourceTree = "<group>";
		};
/* End PBXGroup section */

/* Begin PBXNativeTarget section */
		22A66BD71BF01FEA007467AA /* JDCTV */ = {
			isa = PBXNativeTarget;
			buildConfigurationList = 22A66BE71BF01FEB007467AA /* Build configuration list for PBXNativeTarget "JDCTV" */;
			buildPhases = (
				22A66BD41BF01FEA007467AA /* Sources */,
				22A66BD51BF01FEA007467AA /* Frameworks */,
				22A66BD61BF01FEA007467AA /* Resources */,
			);
			buildRules = (
			);
			dependencies = (
			);
			name = JDCTV;
			productName = JDCTV;
			productReference = 22A66BD81BF01FEA007467AA /* JDCTV.app */;
			productType = "com.apple.product-type.application";
		};
/* End PBXNativeTarget section */

/* Begin PBXProject section */
		22A66BD01BF01FEA007467AA /* Project object */ = {
			isa = PBXProject;
			attributes = {
				LastSwiftUpdateCheck = 0710;
				LastUpgradeCheck = 0710;
				ORGANIZATIONNAME = "David Rynn";
				TargetAttributes = {
					22A66BD71BF01FEA007467AA = {
						CreatedOnToolsVersion = 7.1;
					};
				};
			};
			buildConfigurationList = 22A66BD31BF01FEA007467AA /* Build configuration list for PBXProject "JDCTV" */;
			compatibilityVersion = "Xcode 3.2";
			developmentRegion = English;
			hasScannedForEncodings = 0;
			knownRegions = (
				en,
				Base,
			);
			mainGroup = 22A66BCF1BF01FEA007467AA;
			productRefGroup = 22A66BD91BF01FEA007467AA /* Products */;
			projectDirPath = "";
			projectRoot = "";
			targets = (
				22A66BD71BF01FEA007467AA /* JDCTV */,
			);
		};
/* End PBXProject section */

/* Begin PBXResourcesBuildPhase section */
		22A66BD61BF01FEA007467AA /* Resources */ = {
			isa = PBXResourcesBuildPhase;
			buildActionMask = 2147483647;
			files = (
				22A66BE31BF01FEB007467AA /* Assets.xcassets in Resources */,
				22A66BE11BF01FEA007467AA /* Main.storyboard in Resources */,
			);
			runOnlyForDeploymentPostprocessing = 0;
		};
/* End PBXResourcesBuildPhase section */

/* Begin PBXSourcesBuildPhase section */
		22A66BD41BF01FEA007467AA /* Sources */ = {
			isa = PBXSourcesBuildPhase;
			buildActionMask = 2147483647;
			files = (
				22A66BDE1BF01FEA007467AA /* ViewController.swift in Sources */,
				22A66BDC1BF01FEA007467AA /* AppDelegate.swift in Sources */,
			);
			runOnlyForDeploymentPostprocessing = 0;
		};
/* End PBXSourcesBuildPhase section */

/* Begin PBXVariantGroup section */
		22A66BDF1BF01FEA007467AA /* Main.storyboard */ = {
			isa = PBXVariantGroup;
			children = (
				22A66BE01BF01FEA007467AA /* Base */,
			);
			name = Main.storyboard;
			sourceTree = "<group>";
		};
/* End PBXVariantGroup section */

/* Begin XCBuildConfiguration section */
		22A66BE51BF01FEB007467AA /* Debug */ = {
			isa = XCBuildConfiguration;
			buildSettings = {
				ALWAYS_SEARCH_USER_PATHS = NO;
				CLANG_CXX_LANGUAGE_STANDARD = "gnu++0x";
				CLANG_CXX_LIBRARY = "libc++";
				CLANG_ENABLE_MODULES = YES;
				CLANG_ENABLE_OBJC_ARC = YES;
				CLANG_WARN_BOOL_CONVERSION = YES;
				CLANG_WARN_CONSTANT_CONVERSION = YES;
				CLANG_WARN_DIRECT_OBJC_ISA_USAGE = YES_ERROR;
				CLANG_WARN_EMPTY_BODY = YES;
				CLANG_WARN_ENUM_CONVERSION = YES;
				CLANG_WARN_INT_CONVERSION = YES;
				CLANG_WARN_OBJC_ROOT_CLASS = YES_ERROR;
				CLANG_WARN_UNREACHABLE_CODE = YES;
				CLANG_WARN__DUPLICATE_METHOD_MATCH = YES;
				COPY_PHASE_STRIP = NO;
				DEBUG_INFORMATION_FORMAT = dwarf;
				ENABLE_STRICT_OBJC_MSGSEND = YES;
				ENABLE_TESTABILITY = YES;
				GCC_C_LANGUAGE_STANDARD = gnu99;
				GCC_DYNAMIC_NO_PIC = NO;
				GCC_NO_COMMON_BLOCKS = YES;
				GCC_OPTIMIZATION_LEVEL = 0;
				GCC_PREPROCESSOR_DEFINITIONS = (
					"DEBUG=1",
					"$(inherited)",
				);
				GCC_WARN_64_TO_32_BIT_CONVERSION = YES;
				GCC_WARN_ABOUT_RETURN_TYPE = YES_ERROR;
				GCC_WARN_UNDECLARED_SELECTOR = YES;
				GCC_WARN_UNINITIALIZED_AUTOS = YES_AGGRESSIVE;
				GCC_WARN_UNUSED_FUNCTION = YES;
				GCC_WARN_UNUSED_VARIABLE = YES;
				MTL_ENABLE_DEBUG_INFO = YES;
				ONLY_ACTIVE_ARCH = YES;
				SDKROOT = appletvos;
				SWIFT_OPTIMIZATION_LEVEL = "-Onone";
				TARGETED_DEVICE_FAMILY = 3;
				TVOS_DEPLOYMENT_TARGET = 9.0;
			};
			name = Debug;
		};
		22A66BE61BF01FEB007467AA /* Release */ = {
			isa = XCBuildConfiguration;
			buildSettings = {
				ALWAYS_SEARCH_USER_PATHS = NO;
				CLANG_CXX_LANGUAGE_STANDARD = "gnu++0x";
				CLANG_CXX_LIBRARY = "libc++";
				CLANG_ENABLE_MODULES = YES;
				CLANG_ENABLE_OBJC_ARC = YES;
				CLANG_WARN_BOOL_CONVERSION = YES;
				CLANG_WARN_CONSTANT_CONVERSION = YES;
				CLANG_WARN_DIRECT_OBJC_ISA_USAGE = YES_ERROR;
				CLANG_WARN_EMPTY_BODY = YES;
				CLANG_WARN_ENUM_CONVERSION = YES;
				CLANG_WARN_INT_CONVERSION = YES;
				CLANG_WARN_OBJC_ROOT_CLASS = YES_ERROR;
				CLANG_WARN_UNREACHABLE_CODE = YES;
				CLANG_WARN__DUPLICATE_METHOD_MATCH = YES;
				COPY_PHASE_STRIP = NO;
				DEBUG_INFORMATION_FORMAT = "dwarf-with-dsym";
				ENABLE_NS_ASSERTIONS = NO;
				ENABLE_STRICT_OBJC_MSGSEND = YES;
				GCC_C_LANGUAGE_STANDARD = gnu99;
				GCC_NO_COMMON_BLOCKS = YES;
				GCC_WARN_64_TO_32_BIT_CONVERSION = YES;
				GCC_WARN_ABOUT_RETURN_TYPE = YES_ERROR;
				GCC_WARN_UNDECLARED_SELECTOR = YES;
				GCC_WARN_UNINITIALIZED_AUTOS = YES_AGGRESSIVE;
				GCC_WARN_UNUSED_FUNCTION = YES;
				GCC_WARN_UNUSED_VARIABLE = YES;
				MTL_ENABLE_DEBUG_INFO = NO;
				SDKROOT = appletvos;
				TARGETED_DEVICE_FAMILY = 3;
				TVOS_DEPLOYMENT_TARGET = 9.0;
				VALIDATE_PRODUCT = YES;
			};
			name = Release;
		};
		22A66BE81BF01FEB007467AA /* Debug */ = {
			isa = XCBuildConfiguration;
			buildSettings = {
				ASSETCATALOG_COMPILER_APPICON_NAME = "App Icon & Top Shelf Image";
				ASSETCATALOG_COMPILER_LAUNCHIMAGE_NAME = LaunchImage;
				INFOPLIST_FILE = JDCTV/Info.plist;
				LD_RUNPATH_SEARCH_PATHS = "$(inherited) @executable_path/Frameworks";
				PRODUCT_BUNDLE_IDENTIFIER = edu.self.JDCTV;
				PRODUCT_NAME = "$(TARGET_NAME)";
			};
			name = Debug;
		};
		22A66BE91BF01FEB007467AA /* Release */ = {
			isa = XCBuildConfiguration;
			buildSettings = {
				ASSETCATALOG_COMPILER_APPICON_NAME = "App Icon & Top Shelf Image";
				ASSETCATALOG_COMPILER_LAUNCHIMAGE_NAME = LaunchImage;
				INFOPLIST_FILE = JDCTV/Info.plist;
				LD_RUNPATH_SEARCH_PATHS = "$(inherited) @executable_path/Frameworks";
				PRODUCT_BUNDLE_IDENTIFIER = edu.self.JDCTV;
				PRODUCT_NAME = "$(TARGET_NAME)";
			};
			name = Release;
		};
/* End XCBuildConfiguration section */

/* Begin XCConfigurationList section */
		22A66BD31BF01FEA007467AA /* Build configuration list for PBXProject "JDCTV" */ = {
			isa = XCConfigurationList;
			buildConfigurations = (
				22A66BE51BF01FEB007467AA /* Debug */,
				22A66BE61BF01FEB007467AA /* Release */,
			);
			defaultConfigurationIsVisible = 0;
			defaultConfigurationName = Release;
		};
		22A66BE71BF01FEB007467AA /* Build configuration list for PBXNativeTarget "JDCTV" */ = {
			isa = XCConfigurationList;
			buildConfigurations = (
				22A66BE81BF01FEB007467AA /* Debug */,
				22A66BE91BF01FEB007467AA /* Release */,
			);
			defaultConfigurationIsVisible = 0;
		};
/* End XCConfigurationList section */
	};
	rootObject = 22A66BD01BF01FEA007467AA /* Project object */;
}
